// !$*UTF8*$!
{
	archiveVersion = 1;
	classes = {
	};
	objectVersion = 46;
	objects = {

/* Begin PBXBuildFile section */
		2B8DF78B1DB8AD6B009237B2 /* main.m in Sources */ = {isa = PBXBuildFile; fileRef = 2B8DF78A1DB8AD6B009237B2 /* main.m */; };
		2B8DF78E1DB8AD6B009237B2 /* AppDelegate.m in Sources */ = {isa = PBXBuildFile; fileRef = 2B8DF78D1DB8AD6B009237B2 /* AppDelegate.m */; };
		2B8DF7911DB8AD6B009237B2 /* ViewController.m in Sources */ = {isa = PBXBuildFile; fileRef = 2B8DF7901DB8AD6B009237B2 /* ViewController.m */; };
		2B8DF7941DB8AD6B009237B2 /* Main.storyboard in Resources */ = {isa = PBXBuildFile; fileRef = 2B8DF7921DB8AD6B009237B2 /* Main.storyboard */; };
		2B8DF7961DB8AD6B009237B2 /* Assets.xcassets in Resources */ = {isa = PBXBuildFile; fileRef = 2B8DF7951DB8AD6B009237B2 /* Assets.xcassets */; };
		2B8DF7991DB8AD6B009237B2 /* LaunchScreen.storyboard in Resources */ = {isa = PBXBuildFile; fileRef = 2B8DF7971DB8AD6B009237B2 /* LaunchScreen.storyboard */; };
		2B8DF7A41DB8AD6B009237B2 /* TYPopupControllerDemoTests.m in Sources */ = {isa = PBXBuildFile; fileRef = 2B8DF7A31DB8AD6B009237B2 /* TYPopupControllerDemoTests.m */; };
/* End PBXBuildFile section */

/* Begin PBXContainerItemProxy section */
		2B8DF7A01DB8AD6B009237B2 /* PBXContainerItemProxy */ = {
			isa = PBXContainerItemProxy;
			containerPortal = 2B8DF77E1DB8AD6B009237B2 /* Project object */;
			proxyType = 1;
			remoteGlobalIDString = 2B8DF7851DB8AD6B009237B2;
			remoteInfo = TYPopupControllerDemo;
		};
/* End PBXContainerItemProxy section */

/* Begin PBXFileReference section */
		2B8DF7861DB8AD6B009237B2 /* TYPopupControllerDemo.app */ = {isa = PBXFileReference; explicitFileType = wrapper.application; includeInIndex = 0; path = TYPopupControllerDemo.app; sourceTree = BUILT_PRODUCTS_DIR; };
		2B8DF78A1DB8AD6B009237B2 /* main.m */ = {isa = PBXFileReference; lastKnownFileType = sourcecode.c.objc; path = main.m; sourceTree = "<group>"; };
		2B8DF78C1DB8AD6B009237B2 /* AppDelegate.h */ = {isa = PBXFileReference; lastKnownFileType = sourcecode.c.h; path = AppDelegate.h; sourceTree = "<group>"; };
		2B8DF78D1DB8AD6B009237B2 /* AppDelegate.m */ = {isa = PBXFileReference; lastKnownFileType = sourcecode.c.objc; path = AppDelegate.m; sourceTree = "<group>"; };
		2B8DF78F1DB8AD6B009237B2 /* ViewController.h */ = {isa = PBXFileReference; lastKnownFileType = sourcecode.c.h; path = ViewController.h; sourceTree = "<group>"; };
		2B8DF7901DB8AD6B009237B2 /* ViewController.m */ = {isa = PBXFileReference; lastKnownFileType = sourcecode.c.objc; path = ViewController.m; sourceTree = "<group>"; };
		2B8DF7931DB8AD6B009237B2 /* Base */ = {isa = PBXFileReference; lastKnownFileType = file.storyboard; name = Base; path = Base.lproj/Main.storyboard; sourceTree = "<group>"; };
		2B8DF7951DB8AD6B009237B2 /* Assets.xcassets */ = {isa = PBXFileReference; lastKnownFileType = folder.assetcatalog; path = Assets.xcassets; sourceTree = "<group>"; };
		2B8DF7981DB8AD6B009237B2 /* Base */ = {isa = PBXFileReference; lastKnownFileType = file.storyboard; name = Base; path = Base.lproj/LaunchScreen.storyboard; sourceTree = "<group>"; };
		2B8DF79A1DB8AD6B009237B2 /* Info.plist */ = {isa = PBXFileReference; lastKnownFileType = text.plist.xml; path = Info.plist; sourceTree = "<group>"; };
		2B8DF79F1DB8AD6B009237B2 /* TYPopupControllerDemoTests.xctest */ = {isa = PBXFileReference; explicitFileType = wrapper.cfbundle; includeInIndex = 0; path = TYPopupControllerDemoTests.xctest; sourceTree = BUILT_PRODUCTS_DIR; };
		2B8DF7A31DB8AD6B009237B2 /* TYPopupControllerDemoTests.m */ = {isa = PBXFileReference; lastKnownFileType = sourcecode.c.objc; path = TYPopupControllerDemoTests.m; sourceTree = "<group>"; };
		2B8DF7A51DB8AD6B009237B2 /* Info.plist */ = {isa = PBXFileReference; lastKnownFileType = text.plist.xml; path = Info.plist; sourceTree = "<group>"; };
/* End PBXFileReference section */

/* Begin PBXFrameworksBuildPhase section */
		2B8DF7831DB8AD6B009237B2 /* Frameworks */ = {
			isa = PBXFrameworksBuildPhase;
			buildActionMask = 2147483647;
			files = (
			);
			runOnlyForDeploymentPostprocessing = 0;
		};
		2B8DF79C1DB8AD6B009237B2 /* Frameworks */ = {
			isa = PBXFrameworksBuildPhase;
			buildActionMask = 2147483647;
			files = (
			);
			runOnlyForDeploymentPostprocessing = 0;
		};
/* End PBXFrameworksBuildPhase section */

/* Begin PBXGroup section */
		2B8DF77D1DB8AD6B009237B2 = {
			isa = PBXGroup;
			children = (
				2B8DF7881DB8AD6B009237B2 /* TYPopupControllerDemo */,
				2B8DF7A21DB8AD6B009237B2 /* TYPopupControllerDemoTests */,
				2B8DF7871DB8AD6B009237B2 /* Products */,
			);
			sourceTree = "<group>";
		};
		2B8DF7871DB8AD6B009237B2 /* Products */ = {
			isa = PBXGroup;
			children = (
				2B8DF7861DB8AD6B009237B2 /* TYPopupControllerDemo.app */,
				2B8DF79F1DB8AD6B009237B2 /* TYPopupControllerDemoTests.xctest */,
			);
			name = Products;
			sourceTree = "<group>";
		};
		2B8DF7881DB8AD6B009237B2 /* TYPopupControllerDemo */ = {
			isa = PBXGroup;
			children = (
				2B8DF78C1DB8AD6B009237B2 /* AppDelegate.h */,
				2B8DF78D1DB8AD6B009237B2 /* AppDelegate.m */,
				2B8DF78F1DB8AD6B009237B2 /* ViewController.h */,
				2B8DF7901DB8AD6B009237B2 /* ViewController.m */,
				2B8DF7921DB8AD6B009237B2 /* Main.storyboard */,
				2B8DF7951DB8AD6B009237B2 /* Assets.xcassets */,
				2B8DF7971DB8AD6B009237B2 /* LaunchScreen.storyboard */,
				2B8DF79A1DB8AD6B009237B2 /* Info.plist */,
				2B8DF7891DB8AD6B009237B2 /* Supporting Files */,
			);
			path = TYPopupControllerDemo;
			sourceTree = "<group>";
		};
		2B8DF7891DB8AD6B009237B2 /* Supporting Files */ = {
			isa = PBXGroup;
			children = (
				2B8DF78A1DB8AD6B009237B2 /* main.m */,
			);
			name = "Supporting Files";
			sourceTree = "<group>";
		};
		2B8DF7A21DB8AD6B009237B2 /* TYPopupControllerDemoTests */ = {
			isa = PBXGroup;
			children = (
				2B8DF7A31DB8AD6B009237B2 /* TYPopupControllerDemoTests.m */,
				2B8DF7A51DB8AD6B009237B2 /* Info.plist */,
			);
			path = TYPopupControllerDemoTests;
			sourceTree = "<group>";
		};
/* End PBXGroup section */

/* Begin PBXNativeTarget section */
		2B8DF7851DB8AD6B009237B2 /* TYPopupControllerDemo */ = {
			isa = PBXNativeTarget;
			buildConfigurationList = 2B8DF7A81DB8AD6B009237B2 /* Build configuration list for PBXNativeTarget "TYPopupControllerDemo" */;
			buildPhases = (
				2B8DF7821DB8AD6B009237B2 /* Sources */,
				2B8DF7831DB8AD6B009237B2 /* Frameworks */,
				2B8DF7841DB8AD6B009237B2 /* Resources */,
			);
			buildRules = (
			);
			dependencies = (
			);
			name = TYPopupControllerDemo;
			productName = TYPopupControllerDemo;
			productReference = 2B8DF7861DB8AD6B009237B2 /* TYPopupControllerDemo.app */;
			productType = "com.apple.product-type.application";
		};
		2B8DF79E1DB8AD6B009237B2 /* TYPopupControllerDemoTests */ = {
			isa = PBXNativeTarget;
			buildConfigurationList = 2B8DF7AB1DB8AD6B009237B2 /* Build configuration list for PBXNativeTarget "TYPopupControllerDemoTests" */;
			buildPhases = (
				2B8DF79B1DB8AD6B009237B2 /* Sources */,
				2B8DF79C1DB8AD6B009237B2 /* Frameworks */,
				2B8DF79D1DB8AD6B009237B2 /* Resources */,
			);
			buildRules = (
			);
			dependencies = (
				2B8DF7A11DB8AD6B009237B2 /* PBXTargetDependency */,
			);
			name = TYPopupControllerDemoTests;
			productName = TYPopupControllerDemoTests;
			productReference = 2B8DF79F1DB8AD6B009237B2 /* TYPopupControllerDemoTests.xctest */;
			productType = "com.apple.product-type.bundle.unit-test";
		};
/* End PBXNativeTarget section */

/* Begin PBXProject section */
		2B8DF77E1DB8AD6B009237B2 /* Project object */ = {
			isa = PBXProject;
			attributes = {
				LastUpgradeCheck = 0800;
				ORGANIZATIONNAME = tany;
				TargetAttributes = {
					2B8DF7851DB8AD6B009237B2 = {
						CreatedOnToolsVersion = 8.0;
						DevelopmentTeam = ZW52Q3KXX4;
						ProvisioningStyle = Automatic;
					};
					2B8DF79E1DB8AD6B009237B2 = {
						CreatedOnToolsVersion = 8.0;
						DevelopmentTeam = ZW52Q3KXX4;
						ProvisioningStyle = Automatic;
						TestTargetID = 2B8DF7851DB8AD6B009237B2;
					};
				};
			};
			buildConfigurationList = 2B8DF7811DB8AD6B009237B2 /* Build configuration list for PBXProject "TYPopupControllerDemo" */;
			compatibilityVersion = "Xcode 3.2";
			developmentRegion = English;
			hasScannedForEncodings = 0;
			knownRegions = (
				en,
				Base,
			);
			mainGroup = 2B8DF77D1DB8AD6B009237B2;
			productRefGroup = 2B8DF7871DB8AD6B009237B2 /* Products */;
			projectDirPath = "";
			projectRoot = "";
			targets = (
				2B8DF7851DB8AD6B009237B2 /* TYPopupControllerDemo */,
				2B8DF79E1DB8AD6B009237B2 /* TYPopupControllerDemoTests */,
			);
		};
/* End PBXProject section */

/* Begin PBXResourcesBuildPhase section */
		2B8DF7841DB8AD6B009237B2 /* Resources */ = {
			isa = PBXResourcesBuildPhase;
			buildActionMask = 2147483647;
			files = (
				2B8DF7991DB8AD6B009237B2 /* LaunchScreen.storyboard in Resources */,
				2B8DF7961DB8AD6B009237B2 /* Assets.xcassets in Resources */,
				2B8DF7941DB8AD6B009237B2 /* Main.storyboard in Resources */,
			);
			runOnlyForDeploymentPostprocessing = 0;
		};
		2B8DF79D1DB8AD6B009237B2 /* Resources */ = {
			isa = PBXResourcesBuildPhase;
			buildActionMask = 2147483647;
			files = (
			);
			runOnlyForDeploymentPostprocessing = 0;
		};
/* End PBXResourcesBuildPhase section */

/* Begin PBXSourcesBuildPhase section */
		2B8DF7821DB8AD6B009237B2 /* Sources */ = {
			isa = PBXSourcesBuildPhase;
			buildActionMask = 2147483647;
			files = (
				2B8DF7911DB8AD6B009237B2 /* ViewController.m in Sources */,
				2B8DF78E1DB8AD6B009237B2 /* AppDelegate.m in Sources */,
				2B8DF78B1DB8AD6B009237B2 /* main.m in Sources */,
			);
			runOnlyForDeploymentPostprocessing = 0;
		};
		2B8DF79B1DB8AD6B009237B2 /* Sources */ = {
			isa = PBXSourcesBuildPhase;
			buildActionMask = 2147483647;
			files = (
				2B8DF7A41DB8AD6B009237B2 /* TYPopupControllerDemoTests.m in Sources */,
			);
			runOnlyForDeploymentPostprocessing = 0;
		};
/* End PBXSourcesBuildPhase section */

/* Begin PBXTargetDependency section */
		2B8DF7A11DB8AD6B009237B2 /* PBXTargetDependency */ = {
			isa = PBXTargetDependency;
			target = 2B8DF7851DB8AD6B009237B2 /* TYPopupControllerDemo */;
			targetProxy = 2B8DF7A01DB8AD6B009237B2 /* PBXContainerItemProxy */;
		};
/* End PBXTargetDependency section */

/* Begin PBXVariantGroup section */
		2B8DF7921DB8AD6B009237B2 /* Main.storyboard */ = {
			isa = PBXVariantGroup;
			children = (
				2B8DF7931DB8AD6B009237B2 /* Base */,
			);
			name = Main.storyboard;
			sourceTree = "<group>";
		};
		2B8DF7971DB8AD6B009237B2 /* LaunchScreen.storyboard */ = {
			isa = PBXVariantGroup;
			children = (
				2B8DF7981DB8AD6B009237B2 /* Base */,
			);
			name = LaunchScreen.storyboard;
			sourceTree = "<group>";
		};
/* End PBXVariantGroup section */

/* Begin XCBuildConfiguration section */
		2B8DF7A61DB8AD6B009237B2 /* Debug */ = {
			isa = XCBuildConfiguration;
			buildSettings = {
				ALWAYS_SEARCH_USER_PATHS = NO;
				CLANG_ANALYZER_NONNULL = YES;
				CLANG_CXX_LANGUAGE_STANDARD = "gnu++0x";
				CLANG_CXX_LIBRARY = "libc++";
				CLANG_ENABLE_MODULES = YES;
				CLANG_ENABLE_OBJC_ARC = YES;
				CLANG_WARN_BOOL_CONVERSION = YES;
				CLANG_WARN_CONSTANT_CONVERSION = YES;
				CLANG_WARN_DIRECT_OBJC_ISA_USAGE = YES_ERROR;
				CLANG_WARN_DOCUMENTATION_COMMENTS = YES;
				CLANG_WARN_EMPTY_BODY = YES;
				CLANG_WARN_ENUM_CONVERSION = YES;
				CLANG_WARN_INFINITE_RECURSION = YES;
				CLANG_WARN_INT_CONVERSION = YES;
				CLANG_WARN_OBJC_ROOT_CLASS = YES_ERROR;
				CLANG_WARN_SUSPICIOUS_MOVES = YES;
				CLANG_WARN_UNREACHABLE_CODE = YES;
				CLANG_WARN__DUPLICATE_METHOD_MATCH = YES;
				"CODE_SIGN_IDENTITY[sdk=iphoneos*]" = "iPhone Developer";
				COPY_PHASE_STRIP = NO;
				DEBUG_INFORMATION_FORMAT = dwarf;
				ENABLE_STRICT_OBJC_MSGSEND = YES;
				ENABLE_TESTABILITY = YES;
				GCC_C_LANGUAGE_STANDARD = gnu99;
				GCC_DYNAMIC_NO_PIC = NO;
				GCC_NO_COMMON_BLOCKS = YES;
				GCC_OPTIMIZATION_LEVEL = 0;
				GCC_PREPROCESSOR_DEFINITIONS = (
					"DEBUG=1",
					"$(inherited)",
				);
				GCC_WARN_64_TO_32_BIT_CONVERSION = YES;
				GCC_WARN_ABOUT_RETURN_TYPE = YES_ERROR;
				GCC_WARN_UNDECLARED_SELECTOR = YES;
				GCC_WARN_UNINITIALIZED_AUTOS = YES_AGGRESSIVE;
				GCC_WARN_UNUSED_FUNCTION = YES;
				GCC_WARN_UNUSED_VARIABLE = YES;
				IPHONEOS_DEPLOYMENT_TARGET = 10.0;
				MTL_ENABLE_DEBUG_INFO = YES;
				ONLY_ACTIVE_ARCH = YES;
				SDKROOT = iphoneos;
				TARGETED_DEVICE_FAMILY = "1,2";
			};
			name = Debug;
		};
		2B8DF7A71DB8AD6B009237B2 /* Release */ = {
			isa = XCBuildConfiguration;
			buildSettings = {
				ALWAYS_SEARCH_USER_PATHS = NO;
				CLANG_ANALYZER_NONNULL = YES;
				CLANG_CXX_LANGUAGE_STANDARD = "gnu++0x";
				CLANG_CXX_LIBRARY = "libc++";
				CLANG_ENABLE_MODULES = YES;
				CLANG_ENABLE_OBJC_ARC = YES;
				CLANG_WARN_BOOL_CONVERSION = YES;
				CLANG_WARN_CONSTANT_CONVERSION = YES;
				CLANG_WARN_DIRECT_OBJC_ISA_USAGE = YES_ERROR;
				CLANG_WARN_DOCUMENTATION_COMMENTS = YES;
				CLANG_WARN_EMPTY_BODY = YES;
				CLANG_WARN_ENUM_CONVERSION = YES;
				CLANG_WARN_INFINITE_RECURSION = YES;
				CLANG_WARN_INT_CONVERSION = YES;
				CLANG_WARN_OBJC_ROOT_CLASS = YES_ERROR;
				CLANG_WARN_SUSPICIOUS_MOVES = YES;
				CLANG_WARN_UNREACHABLE_CODE = YES;
				CLANG_WARN__DUPLICATE_METHOD_MATCH = YES;
				"CODE_SIGN_IDENTITY[sdk=iphoneos*]" = "iPhone Developer";
				COPY_PHASE_STRIP = NO;
				DEBUG_INFORMATION_FORMAT = "dwarf-with-dsym";
				ENABLE_NS_ASSERTIONS = NO;
				ENABLE_STRICT_OBJC_MSGSEND = YES;
				GCC_C_LANGUAGE_STANDARD = gnu99;
				GCC_NO_COMMON_BLOCKS = YES;
				GCC_WARN_64_TO_32_BIT_CONVERSION = YES;
				GCC_WARN_ABOUT_RETURN_TYPE = YES_ERROR;
				GCC_WARN_UNDECLARED_SELECTOR = YES;
				GCC_WARN_UNINITIALIZED_AUTOS = YES_AGGRESSIVE;
				GCC_WARN_UNUSED_FUNCTION = YES;
				GCC_WARN_UNUSED_VARIABLE = YES;
				IPHONEOS_DEPLOYMENT_TARGET = 10.0;
				MTL_ENABLE_DEBUG_INFO = NO;
				SDKROOT = iphoneos;
				TARGETED_DEVICE_FAMILY = "1,2";
				VALIDATE_PRODUCT = YES;
			};
			name = Release;
		};
		2B8DF7A91DB8AD6B009237B2 /* Debug */ = {
			isa = XCBuildConfiguration;
			buildSettings = {
				ASSETCATALOG_COMPILER_APPICON_NAME = AppIcon;
				DEVELOPMENT_TEAM = ZW52Q3KXX4;
				INFOPLIST_FILE = TYPopupControllerDemo/Info.plist;
				LD_RUNPATH_SEARCH_PATHS = "$(inherited) @executable_path/Frameworks";
				PRODUCT_BUNDLE_IDENTIFIER = com.tany.TYPopupControllerDemo;
				PRODUCT_NAME = "$(TARGET_NAME)";
			};
			name = Debug;
		};
		2B8DF7AA1DB8AD6B009237B2 /* Release */ = {
			isa = XCBuildConfiguration;
			buildSettings = {
				ASSETCATALOG_COMPILER_APPICON_NAME = AppIcon;
				DEVELOPMENT_TEAM = ZW52Q3KXX4;
				INFOPLIST_FILE = TYPopupControllerDemo/Info.plist;
				LD_RUNPATH_SEARCH_PATHS = "$(inherited) @executable_path/Frameworks";
				PRODUCT_BUNDLE_IDENTIFIER = com.tany.TYPopupControllerDemo;
				PRODUCT_NAME = "$(TARGET_NAME)";
			};
			name = Release;
		};
		2B8DF7AC1DB8AD6B009237B2 /* Debug */ = {
			isa = XCBuildConfiguration;
			buildSettings = {
				BUNDLE_LOADER = "$(TEST_HOST)";
				DEVELOPMENT_TEAM = ZW52Q3KXX4;
				INFOPLIST_FILE = TYPopupControllerDemoTests/Info.plist;
				LD_RUNPATH_SEARCH_PATHS = "$(inherited) @executable_path/Frameworks @loader_path/Frameworks";
				PRODUCT_BUNDLE_IDENTIFIER = com.tany.TYPopupControllerDemoTests;
				PRODUCT_NAME = "$(TARGET_NAME)";
				TEST_HOST = "$(BUILT_PRODUCTS_DIR)/TYPopupControllerDemo.app/TYPopupControllerDemo";
			};
			name = Debug;
		};
		2B8DF7AD1DB8AD6B009237B2 /* Release */ = {
			isa = XCBuildConfiguration;
			buildSettings = {
				BUNDLE_LOADER = "$(TEST_HOST)";
				DEVELOPMENT_TEAM = ZW52Q3KXX4;
				INFOPLIST_FILE = TYPopupControllerDemoTests/Info.plist;
				LD_RUNPATH_SEARCH_PATHS = "$(inherited) @executable_path/Frameworks @loader_path/Frameworks";
				PRODUCT_BUNDLE_IDENTIFIER = com.tany.TYPopupControllerDemoTests;
				PRODUCT_NAME = "$(TARGET_NAME)";
				TEST_HOST = "$(BUILT_PRODUCTS_DIR)/TYPopupControllerDemo.app/TYPopupControllerDemo";
			};
			name = Release;
		};
/* End XCBuildConfiguration section */

/* Begin XCConfigurationList section */
		2B8DF7811DB8AD6B009237B2 /* Build configuration list for PBXProject "TYPopupControllerDemo" */ = {
			isa = XCConfigurationList;
			buildConfigurations = (
				2B8DF7A61DB8AD6B009237B2 /* Debug */,
				2B8DF7A71DB8AD6B009237B2 /* Release */,
			);
			defaultConfigurationIsVisible = 0;
			defaultConfigurationName = Release;
		};
		2B8DF7A81DB8AD6B009237B2 /* Build configuration list for PBXNativeTarget "TYPopupControllerDemo" */ = {
			isa = XCConfigurationList;
			buildConfigurations = (
				2B8DF7A91DB8AD6B009237B2 /* Debug */,
				2B8DF7AA1DB8AD6B009237B2 /* Release */,
			);
			defaultConfigurationIsVisible = 0;
		};
		2B8DF7AB1DB8AD6B009237B2 /* Build configuration list for PBXNativeTarget "TYPopupControllerDemoTests" */ = {
			isa = XCConfigurationList;
			buildConfigurations = (
				2B8DF7AC1DB8AD6B009237B2 /* Debug */,
				2B8DF7AD1DB8AD6B009237B2 /* Release */,
			);
			defaultConfigurationIsVisible = 0;
		};
/* End XCConfigurationList section */
	};
	rootObject = 2B8DF77E1DB8AD6B009237B2 /* Project object */;
}
